// !$*UTF8*$!
{
	archiveVersion = 1;
	classes = {
	};
	objectVersion = 50;
	objects = {

/* Begin PBXBuildFile section */
		2D765F8723F53EDD00E226BD /* PickerView.swift in Sources */ = {isa = PBXBuildFile; fileRef = 2D765F8623F53EDD00E226BD /* PickerView.swift */; };
		A649121023E36A5500D8E43E /* AppDelegate.swift in Sources */ = {isa = PBXBuildFile; fileRef = A649120F23E36A5500D8E43E /* AppDelegate.swift */; };
		A649121223E36A5500D8E43E /* SceneDelegate.swift in Sources */ = {isa = PBXBuildFile; fileRef = A649121123E36A5500D8E43E /* SceneDelegate.swift */; };
		A649121423E36A5500D8E43E /* ViewController.swift in Sources */ = {isa = PBXBuildFile; fileRef = A649121323E36A5500D8E43E /* ViewController.swift */; };
		A649121723E36A5500D8E43E /* Main.storyboard in Resources */ = {isa = PBXBuildFile; fileRef = A649121523E36A5500D8E43E /* Main.storyboard */; };
		A649121A23E36A5500D8E43E /* test2.xcdatamodeld in Sources */ = {isa = PBXBuildFile; fileRef = A649121823E36A5500D8E43E /* test2.xcdatamodeld */; };
		A649121C23E36A5500D8E43E /* Assets.xcassets in Resources */ = {isa = PBXBuildFile; fileRef = A649121B23E36A5500D8E43E /* Assets.xcassets */; };
		A649121F23E36A5500D8E43E /* LaunchScreen.storyboard in Resources */ = {isa = PBXBuildFile; fileRef = A649121D23E36A5500D8E43E /* LaunchScreen.storyboard */; };
		A649122A23E36A5600D8E43E /* test2Tests.swift in Sources */ = {isa = PBXBuildFile; fileRef = A649122923E36A5600D8E43E /* test2Tests.swift */; };
		A649123523E36A5600D8E43E /* test2UITests.swift in Sources */ = {isa = PBXBuildFile; fileRef = A649123423E36A5600D8E43E /* test2UITests.swift */; };
		A649124423E36B4500D8E43E /* ARViewController.swift in Sources */ = {isa = PBXBuildFile; fileRef = A649124323E36B4500D8E43E /* ARViewController.swift */; };
		A649124723E36E3200D8E43E /* TableViewCell.swift in Sources */ = {isa = PBXBuildFile; fileRef = A649124623E36E3200D8E43E /* TableViewCell.swift */; };
		A64E91A423E9D6E100CBB1CF /* ARHeightViewController.swift in Sources */ = {isa = PBXBuildFile; fileRef = A64E91A323E9D6E100CBB1CF /* ARHeightViewController.swift */; };
		A64E91A623E9E8AC00CBB1CF /* NewProfileViewController.swift in Sources */ = {isa = PBXBuildFile; fileRef = A64E91A523E9E8AC00CBB1CF /* NewProfileViewController.swift */; };
		A64E91A823E9F9EF00CBB1CF /* VisualizationsViewController.swift in Sources */ = {isa = PBXBuildFile; fileRef = A64E91A723E9F9EF00CBB1CF /* VisualizationsViewController.swift */; };
		A64E91AA23E9F9FC00CBB1CF /* InformationViewController.swift in Sources */ = {isa = PBXBuildFile; fileRef = A64E91A923E9F9FC00CBB1CF /* InformationViewController.swift */; };
		A6C8F49E23F5CECD006F7CC6 /* BarChartViewController.swift in Sources */ = {isa = PBXBuildFile; fileRef = A6C8F49D23F5CECD006F7CC6 /* BarChartViewController.swift */; };
		A6DAB59323F5B8AE005E891C /* MenuLargeFont.swift in Sources */ = {isa = PBXBuildFile; fileRef = A6DAB59223F5B8AE005E891C /* MenuLargeFont.swift */; };
		A6DAB59523F5C07A005E891C /* MenuSmallFont.swift in Sources */ = {isa = PBXBuildFile; fileRef = A6DAB59423F5C07A005E891C /* MenuSmallFont.swift */; };
		A6DAB5A023F5C5CB005E891C /* Charts.framework in Frameworks */ = {isa = PBXBuildFile; fileRef = A6DAB59C23F5C548005E891C /* Charts.framework */; };
		A6DAB5A123F5C5CB005E891C /* Charts.framework in Embed Frameworks */ = {isa = PBXBuildFile; fileRef = A6DAB59C23F5C548005E891C /* Charts.framework */; settings = {ATTRIBUTES = (CodeSignOnCopy, RemoveHeadersOnCopy, ); }; };
/* End PBXBuildFile section */

/* Begin PBXContainerItemProxy section */
		A649122623E36A5600D8E43E /* PBXContainerItemProxy */ = {
			isa = PBXContainerItemProxy;
			containerPortal = A649120423E36A5400D8E43E /* Project object */;
			proxyType = 1;
			remoteGlobalIDString = A649120B23E36A5500D8E43E;
			remoteInfo = test2;
		};
		A649123123E36A5600D8E43E /* PBXContainerItemProxy */ = {
			isa = PBXContainerItemProxy;
			containerPortal = A649120423E36A5400D8E43E /* Project object */;
			proxyType = 1;
			remoteGlobalIDString = A649120B23E36A5500D8E43E;
			remoteInfo = test2;
		};
		A6DAB59B23F5C548005E891C /* PBXContainerItemProxy */ = {
			isa = PBXContainerItemProxy;
			containerPortal = A6DAB59623F5C548005E891C /* Charts.xcodeproj */;
			proxyType = 2;
			remoteGlobalIDString = 65AD9E95D9ED4DC0BD73A743;
			remoteInfo = Charts;
		};
		A6DAB59D23F5C548005E891C /* PBXContainerItemProxy */ = {
			isa = PBXContainerItemProxy;
			containerPortal = A6DAB59623F5C548005E891C /* Charts.xcodeproj */;
			proxyType = 2;
			remoteGlobalIDString = 1CBBC58C6CE1EBEE9852CE41;
			remoteInfo = ChartsTests;
		};
/* End PBXContainerItemProxy section */

/* Begin PBXCopyFilesBuildPhase section */
		A6DAB5A223F5C5CB005E891C /* Embed Frameworks */ = {
			isa = PBXCopyFilesBuildPhase;
			buildActionMask = 2147483647;
			dstPath = "";
			dstSubfolderSpec = 10;
			files = (
				A6DAB5A123F5C5CB005E891C /* Charts.framework in Embed Frameworks */,
			);
			name = "Embed Frameworks";
			runOnlyForDeploymentPostprocessing = 0;
		};
/* End PBXCopyFilesBuildPhase section */

/* Begin PBXFileReference section */
		2D765F8623F53EDD00E226BD /* PickerView.swift */ = {isa = PBXFileReference; lastKnownFileType = sourcecode.swift; path = PickerView.swift; sourceTree = "<group>"; };
		A649120C23E36A5500D8E43E /* test2.app */ = {isa = PBXFileReference; explicitFileType = wrapper.application; includeInIndex = 0; path = test2.app; sourceTree = BUILT_PRODUCTS_DIR; };
		A649120F23E36A5500D8E43E /* AppDelegate.swift */ = {isa = PBXFileReference; lastKnownFileType = sourcecode.swift; path = AppDelegate.swift; sourceTree = "<group>"; };
		A649121123E36A5500D8E43E /* SceneDelegate.swift */ = {isa = PBXFileReference; lastKnownFileType = sourcecode.swift; path = SceneDelegate.swift; sourceTree = "<group>"; };
		A649121323E36A5500D8E43E /* ViewController.swift */ = {isa = PBXFileReference; lastKnownFileType = sourcecode.swift; name = ViewController.swift; path = ../ViewController.swift; sourceTree = "<group>"; };
		A649121623E36A5500D8E43E /* Base */ = {isa = PBXFileReference; lastKnownFileType = file.storyboard; name = Base; path = Base.lproj/Main.storyboard; sourceTree = "<group>"; };
		A649121923E36A5500D8E43E /* test2.xcdatamodel */ = {isa = PBXFileReference; lastKnownFileType = wrapper.xcdatamodel; path = test2.xcdatamodel; sourceTree = "<group>"; };
		A649121B23E36A5500D8E43E /* Assets.xcassets */ = {isa = PBXFileReference; lastKnownFileType = folder.assetcatalog; path = Assets.xcassets; sourceTree = "<group>"; };
		A649121E23E36A5500D8E43E /* Base */ = {isa = PBXFileReference; lastKnownFileType = file.storyboard; name = Base; path = Base.lproj/LaunchScreen.storyboard; sourceTree = "<group>"; };
		A649122023E36A5500D8E43E /* Info.plist */ = {isa = PBXFileReference; lastKnownFileType = text.plist.xml; path = Info.plist; sourceTree = "<group>"; };
		A649122523E36A5600D8E43E /* test2Tests.xctest */ = {isa = PBXFileReference; explicitFileType = wrapper.cfbundle; includeInIndex = 0; path = test2Tests.xctest; sourceTree = BUILT_PRODUCTS_DIR; };
		A649122923E36A5600D8E43E /* test2Tests.swift */ = {isa = PBXFileReference; lastKnownFileType = sourcecode.swift; path = test2Tests.swift; sourceTree = "<group>"; };
		A649122B23E36A5600D8E43E /* Info.plist */ = {isa = PBXFileReference; lastKnownFileType = text.plist.xml; path = Info.plist; sourceTree = "<group>"; };
		A649123023E36A5600D8E43E /* test2UITests.xctest */ = {isa = PBXFileReference; explicitFileType = wrapper.cfbundle; includeInIndex = 0; path = test2UITests.xctest; sourceTree = BUILT_PRODUCTS_DIR; };
		A649123423E36A5600D8E43E /* test2UITests.swift */ = {isa = PBXFileReference; lastKnownFileType = sourcecode.swift; path = test2UITests.swift; sourceTree = "<group>"; };
		A649123623E36A5600D8E43E /* Info.plist */ = {isa = PBXFileReference; lastKnownFileType = text.plist.xml; path = Info.plist; sourceTree = "<group>"; };
		A649124323E36B4500D8E43E /* ARViewController.swift */ = {isa = PBXFileReference; lastKnownFileType = sourcecode.swift; path = ARViewController.swift; sourceTree = "<group>"; };
		A649124623E36E3200D8E43E /* TableViewCell.swift */ = {isa = PBXFileReference; lastKnownFileType = sourcecode.swift; path = TableViewCell.swift; sourceTree = "<group>"; };
		A64E91A323E9D6E100CBB1CF /* ARHeightViewController.swift */ = {isa = PBXFileReference; lastKnownFileType = sourcecode.swift; path = ARHeightViewController.swift; sourceTree = "<group>"; };
		A64E91A523E9E8AC00CBB1CF /* NewProfileViewController.swift */ = {isa = PBXFileReference; lastKnownFileType = sourcecode.swift; path = NewProfileViewController.swift; sourceTree = "<group>"; };
		A64E91A723E9F9EF00CBB1CF /* VisualizationsViewController.swift */ = {isa = PBXFileReference; lastKnownFileType = sourcecode.swift; path = VisualizationsViewController.swift; sourceTree = "<group>"; };
		A64E91A923E9F9FC00CBB1CF /* InformationViewController.swift */ = {isa = PBXFileReference; lastKnownFileType = sourcecode.swift; path = InformationViewController.swift; sourceTree = "<group>"; };
		A6C8F49D23F5CECD006F7CC6 /* BarChartViewController.swift */ = {isa = PBXFileReference; lastKnownFileType = sourcecode.swift; path = BarChartViewController.swift; sourceTree = "<group>"; };
		A6DAB59223F5B8AE005E891C /* MenuLargeFont.swift */ = {isa = PBXFileReference; lastKnownFileType = sourcecode.swift; path = MenuLargeFont.swift; sourceTree = "<group>"; };
		A6DAB59423F5C07A005E891C /* MenuSmallFont.swift */ = {isa = PBXFileReference; lastKnownFileType = sourcecode.swift; path = MenuSmallFont.swift; sourceTree = "<group>"; };
		A6DAB59623F5C548005E891C /* Charts.xcodeproj */ = {isa = PBXFileReference; lastKnownFileType = "wrapper.pb-project"; name = Charts.xcodeproj; path = "../../Downloads/Charts-master/Charts.xcodeproj"; sourceTree = "<group>"; };
/* End PBXFileReference section */

/* Begin PBXFrameworksBuildPhase section */
		A649120923E36A5500D8E43E /* Frameworks */ = {
			isa = PBXFrameworksBuildPhase;
			buildActionMask = 2147483647;
			files = (
				A6DAB5A023F5C5CB005E891C /* Charts.framework in Frameworks */,
			);
			runOnlyForDeploymentPostprocessing = 0;
		};
		A649122223E36A5600D8E43E /* Frameworks */ = {
			isa = PBXFrameworksBuildPhase;
			buildActionMask = 2147483647;
			files = (
			);
			runOnlyForDeploymentPostprocessing = 0;
		};
		A649122D23E36A5600D8E43E /* Frameworks */ = {
			isa = PBXFrameworksBuildPhase;
			buildActionMask = 2147483647;
			files = (
			);
			runOnlyForDeploymentPostprocessing = 0;
		};
/* End PBXFrameworksBuildPhase section */

/* Begin PBXGroup section */
		A649120323E36A5400D8E43E = {
			isa = PBXGroup;
			children = (
				A6DAB59623F5C548005E891C /* Charts.xcodeproj */,
				A649120E23E36A5500D8E43E /* test2 */,
				A649122823E36A5600D8E43E /* test2Tests */,
				A649123323E36A5600D8E43E /* test2UITests */,
				A649120D23E36A5500D8E43E /* Products */,
				A6DAB59F23F5C5CB005E891C /* Frameworks */,
			);
			sourceTree = "<group>";
		};
		A649120D23E36A5500D8E43E /* Products */ = {
			isa = PBXGroup;
			children = (
				A649120C23E36A5500D8E43E /* test2.app */,
				A649122523E36A5600D8E43E /* test2Tests.xctest */,
				A649123023E36A5600D8E43E /* test2UITests.xctest */,
			);
			name = Products;
			sourceTree = "<group>";
		};
		A649120E23E36A5500D8E43E /* test2 */ = {
			isa = PBXGroup;
			children = (
				A6DAB59123F5B857005E891C /* Custom Buttons */,
				A649124523E36D2100D8E43E /* View */,
				A649124223E36B1000D8E43E /* Controllers */,
				A649120F23E36A5500D8E43E /* AppDelegate.swift */,
				A649121123E36A5500D8E43E /* SceneDelegate.swift */,
				A649121523E36A5500D8E43E /* Main.storyboard */,
				A649121B23E36A5500D8E43E /* Assets.xcassets */,
				A649121D23E36A5500D8E43E /* LaunchScreen.storyboard */,
				A649122023E36A5500D8E43E /* Info.plist */,
				A649121823E36A5500D8E43E /* test2.xcdatamodeld */,
			);
			path = test2;
			sourceTree = "<group>";
		};
		A649122823E36A5600D8E43E /* test2Tests */ = {
			isa = PBXGroup;
			children = (
				A649122923E36A5600D8E43E /* test2Tests.swift */,
				A649122B23E36A5600D8E43E /* Info.plist */,
			);
			path = test2Tests;
			sourceTree = "<group>";
		};
		A649123323E36A5600D8E43E /* test2UITests */ = {
			isa = PBXGroup;
			children = (
				A649123423E36A5600D8E43E /* test2UITests.swift */,
				A649123623E36A5600D8E43E /* Info.plist */,
			);
			path = test2UITests;
			sourceTree = "<group>";
		};
		A649124223E36B1000D8E43E /* Controllers */ = {
			isa = PBXGroup;
			children = (
				A6DAB5A523F5CA16005E891C /* Charts */,
				A649121323E36A5500D8E43E /* ViewController.swift */,
				A649124323E36B4500D8E43E /* ARViewController.swift */,
				A64E91A323E9D6E100CBB1CF /* ARHeightViewController.swift */,
				A64E91A523E9E8AC00CBB1CF /* NewProfileViewController.swift */,
				A64E91A723E9F9EF00CBB1CF /* VisualizationsViewController.swift */,
				A64E91A923E9F9FC00CBB1CF /* InformationViewController.swift */,
			);
			path = Controllers;
			sourceTree = "<group>";
		};
		A649124523E36D2100D8E43E /* View */ = {
			isa = PBXGroup;
			children = (
				A649124623E36E3200D8E43E /* TableViewCell.swift */,
				2D765F8623F53EDD00E226BD /* PickerView.swift */,
			);
			path = View;
			sourceTree = "<group>";
		};
		A6DAB59123F5B857005E891C /* Custom Buttons */ = {
			isa = PBXGroup;
			children = (
				A6DAB59223F5B8AE005E891C /* MenuLargeFont.swift */,
				A6DAB59423F5C07A005E891C /* MenuSmallFont.swift */,
			);
			path = "Custom Buttons";
			sourceTree = "<group>";
		};
		A6DAB59723F5C548005E891C /* Products */ = {
			isa = PBXGroup;
			children = (
				A6DAB59C23F5C548005E891C /* Charts.framework */,
				A6DAB59E23F5C548005E891C /* ChartsTests.xctest */,
			);
			name = Products;
			sourceTree = "<group>";
		};
		A6DAB59F23F5C5CB005E891C /* Frameworks */ = {
			isa = PBXGroup;
			children = (
			);
			name = Frameworks;
			sourceTree = "<group>";
		};
		A6DAB5A523F5CA16005E891C /* Charts */ = {
			isa = PBXGroup;
			children = (
				A6C8F49D23F5CECD006F7CC6 /* BarChartViewController.swift */,
			);
			path = Charts;
			sourceTree = "<group>";
		};
/* End PBXGroup section */

/* Begin PBXNativeTarget section */
		A649120B23E36A5500D8E43E /* test2 */ = {
			isa = PBXNativeTarget;
			buildConfigurationList = A649123923E36A5600D8E43E /* Build configuration list for PBXNativeTarget "test2" */;
			buildPhases = (
				A649120823E36A5500D8E43E /* Sources */,
				A649120923E36A5500D8E43E /* Frameworks */,
				A649120A23E36A5500D8E43E /* Resources */,
				A6DAB5A223F5C5CB005E891C /* Embed Frameworks */,
			);
			buildRules = (
			);
			dependencies = (
			);
			name = test2;
			productName = test2;
			productReference = A649120C23E36A5500D8E43E /* test2.app */;
			productType = "com.apple.product-type.application";
		};
		A649122423E36A5600D8E43E /* test2Tests */ = {
			isa = PBXNativeTarget;
			buildConfigurationList = A649123C23E36A5600D8E43E /* Build configuration list for PBXNativeTarget "test2Tests" */;
			buildPhases = (
				A649122123E36A5600D8E43E /* Sources */,
				A649122223E36A5600D8E43E /* Frameworks */,
				A649122323E36A5600D8E43E /* Resources */,
			);
			buildRules = (
			);
			dependencies = (
				A649122723E36A5600D8E43E /* PBXTargetDependency */,
			);
			name = test2Tests;
			productName = test2Tests;
			productReference = A649122523E36A5600D8E43E /* test2Tests.xctest */;
			productType = "com.apple.product-type.bundle.unit-test";
		};
		A649122F23E36A5600D8E43E /* test2UITests */ = {
			isa = PBXNativeTarget;
			buildConfigurationList = A649123F23E36A5600D8E43E /* Build configuration list for PBXNativeTarget "test2UITests" */;
			buildPhases = (
				A649122C23E36A5600D8E43E /* Sources */,
				A649122D23E36A5600D8E43E /* Frameworks */,
				A649122E23E36A5600D8E43E /* Resources */,
			);
			buildRules = (
			);
			dependencies = (
				A649123223E36A5600D8E43E /* PBXTargetDependency */,
			);
			name = test2UITests;
			productName = test2UITests;
			productReference = A649123023E36A5600D8E43E /* test2UITests.xctest */;
			productType = "com.apple.product-type.bundle.ui-testing";
		};
/* End PBXNativeTarget section */

/* Begin PBXProject section */
		A649120423E36A5400D8E43E /* Project object */ = {
			isa = PBXProject;
			attributes = {
				LastSwiftUpdateCheck = 1130;
				LastUpgradeCheck = 1130;
				ORGANIZATIONNAME = "baby body measurements";
				TargetAttributes = {
					A649120B23E36A5500D8E43E = {
						CreatedOnToolsVersion = 11.3;
					};
					A649122423E36A5600D8E43E = {
						CreatedOnToolsVersion = 11.3;
						TestTargetID = A649120B23E36A5500D8E43E;
					};
					A649122F23E36A5600D8E43E = {
						CreatedOnToolsVersion = 11.3;
						TestTargetID = A649120B23E36A5500D8E43E;
					};
				};
			};
			buildConfigurationList = A649120723E36A5400D8E43E /* Build configuration list for PBXProject "test2" */;
			compatibilityVersion = "Xcode 9.3";
			developmentRegion = en;
			hasScannedForEncodings = 0;
			knownRegions = (
				en,
				Base,
			);
			mainGroup = A649120323E36A5400D8E43E;
			productRefGroup = A649120D23E36A5500D8E43E /* Products */;
			projectDirPath = "";
			projectReferences = (
				{
					ProductGroup = A6DAB59723F5C548005E891C /* Products */;
					ProjectRef = A6DAB59623F5C548005E891C /* Charts.xcodeproj */;
				},
			);
			projectRoot = "";
			targets = (
				A649120B23E36A5500D8E43E /* test2 */,
				A649122423E36A5600D8E43E /* test2Tests */,
				A649122F23E36A5600D8E43E /* test2UITests */,
			);
		};
/* End PBXProject section */

/* Begin PBXReferenceProxy section */
		A6DAB59C23F5C548005E891C /* Charts.framework */ = {
			isa = PBXReferenceProxy;
			fileType = wrapper.framework;
			path = Charts.framework;
			remoteRef = A6DAB59B23F5C548005E891C /* PBXContainerItemProxy */;
			sourceTree = BUILT_PRODUCTS_DIR;
		};
		A6DAB59E23F5C548005E891C /* ChartsTests.xctest */ = {
			isa = PBXReferenceProxy;
			fileType = wrapper.cfbundle;
			path = ChartsTests.xctest;
			remoteRef = A6DAB59D23F5C548005E891C /* PBXContainerItemProxy */;
			sourceTree = BUILT_PRODUCTS_DIR;
		};
/* End PBXReferenceProxy section */

/* Begin PBXResourcesBuildPhase section */
		A649120A23E36A5500D8E43E /* Resources */ = {
			isa = PBXResourcesBuildPhase;
			buildActionMask = 2147483647;
			files = (
				A649121F23E36A5500D8E43E /* LaunchScreen.storyboard in Resources */,
				A649121C23E36A5500D8E43E /* Assets.xcassets in Resources */,
				A649121723E36A5500D8E43E /* Main.storyboard in Resources */,
			);
			runOnlyForDeploymentPostprocessing = 0;
		};
		A649122323E36A5600D8E43E /* Resources */ = {
			isa = PBXResourcesBuildPhase;
			buildActionMask = 2147483647;
			files = (
			);
			runOnlyForDeploymentPostprocessing = 0;
		};
		A649122E23E36A5600D8E43E /* Resources */ = {
			isa = PBXResourcesBuildPhase;
			buildActionMask = 2147483647;
			files = (
			);
			runOnlyForDeploymentPostprocessing = 0;
		};
/* End PBXResourcesBuildPhase section */

/* Begin PBXSourcesBuildPhase section */
		A649120823E36A5500D8E43E /* Sources */ = {
			isa = PBXSourcesBuildPhase;
			buildActionMask = 2147483647;
			files = (
				A649121A23E36A5500D8E43E /* test2.xcdatamodeld in Sources */,
				A649121423E36A5500D8E43E /* ViewController.swift in Sources */,
				A649121023E36A5500D8E43E /* AppDelegate.swift in Sources */,
				A6C8F49E23F5CECD006F7CC6 /* BarChartViewController.swift in Sources */,
				A6DAB59523F5C07A005E891C /* MenuSmallFont.swift in Sources */,
				A64E91A623E9E8AC00CBB1CF /* NewProfileViewController.swift in Sources */,
				A64E91A423E9D6E100CBB1CF /* ARHeightViewController.swift in Sources */,
				2D765F8723F53EDD00E226BD /* PickerView.swift in Sources */,
				A649124723E36E3200D8E43E /* TableViewCell.swift in Sources */,
				A649121223E36A5500D8E43E /* SceneDelegate.swift in Sources */,
				A649124423E36B4500D8E43E /* ARViewController.swift in Sources */,
				A64E91A823E9F9EF00CBB1CF /* VisualizationsViewController.swift in Sources */,
				A64E91AA23E9F9FC00CBB1CF /* InformationViewController.swift in Sources */,
				A6DAB59323F5B8AE005E891C /* MenuLargeFont.swift in Sources */,
			);
			runOnlyForDeploymentPostprocessing = 0;
		};
		A649122123E36A5600D8E43E /* Sources */ = {
			isa = PBXSourcesBuildPhase;
			buildActionMask = 2147483647;
			files = (
				A649122A23E36A5600D8E43E /* test2Tests.swift in Sources */,
			);
			runOnlyForDeploymentPostprocessing = 0;
		};
		A649122C23E36A5600D8E43E /* Sources */ = {
			isa = PBXSourcesBuildPhase;
			buildActionMask = 2147483647;
			files = (
				A649123523E36A5600D8E43E /* test2UITests.swift in Sources */,
			);
			runOnlyForDeploymentPostprocessing = 0;
		};
/* End PBXSourcesBuildPhase section */

/* Begin PBXTargetDependency section */
		A649122723E36A5600D8E43E /* PBXTargetDependency */ = {
			isa = PBXTargetDependency;
			target = A649120B23E36A5500D8E43E /* test2 */;
			targetProxy = A649122623E36A5600D8E43E /* PBXContainerItemProxy */;
		};
		A649123223E36A5600D8E43E /* PBXTargetDependency */ = {
			isa = PBXTargetDependency;
			target = A649120B23E36A5500D8E43E /* test2 */;
			targetProxy = A649123123E36A5600D8E43E /* PBXContainerItemProxy */;
		};
/* End PBXTargetDependency section */

/* Begin PBXVariantGroup section */
		A649121523E36A5500D8E43E /* Main.storyboard */ = {
			isa = PBXVariantGroup;
			children = (
				A649121623E36A5500D8E43E /* Base */,
			);
			name = Main.storyboard;
			sourceTree = "<group>";
		};
		A649121D23E36A5500D8E43E /* LaunchScreen.storyboard */ = {
			isa = PBXVariantGroup;
			children = (
				A649121E23E36A5500D8E43E /* Base */,
			);
			name = LaunchScreen.storyboard;
			sourceTree = "<group>";
		};
/* End PBXVariantGroup section */

/* Begin XCBuildConfiguration section */
		A649123723E36A5600D8E43E /* Debug */ = {
			isa = XCBuildConfiguration;
			buildSettings = {
				ALWAYS_SEARCH_USER_PATHS = NO;
				CLANG_ANALYZER_NONNULL = YES;
				CLANG_ANALYZER_NUMBER_OBJECT_CONVERSION = YES_AGGRESSIVE;
				CLANG_CXX_LANGUAGE_STANDARD = "gnu++14";
				CLANG_CXX_LIBRARY = "libc++";
				CLANG_ENABLE_MODULES = YES;
				CLANG_ENABLE_OBJC_ARC = YES;
				CLANG_ENABLE_OBJC_WEAK = YES;
				CLANG_WARN_BLOCK_CAPTURE_AUTORELEASING = YES;
				CLANG_WARN_BOOL_CONVERSION = YES;
				CLANG_WARN_COMMA = YES;
				CLANG_WARN_CONSTANT_CONVERSION = YES;
				CLANG_WARN_DEPRECATED_OBJC_IMPLEMENTATIONS = YES;
				CLANG_WARN_DIRECT_OBJC_ISA_USAGE = YES_ERROR;
				CLANG_WARN_DOCUMENTATION_COMMENTS = YES;
				CLANG_WARN_EMPTY_BODY = YES;
				CLANG_WARN_ENUM_CONVERSION = YES;
				CLANG_WARN_INFINITE_RECURSION = YES;
				CLANG_WARN_INT_CONVERSION = YES;
				CLANG_WARN_NON_LITERAL_NULL_CONVERSION = YES;
				CLANG_WARN_OBJC_IMPLICIT_RETAIN_SELF = YES;
				CLANG_WARN_OBJC_LITERAL_CONVERSION = YES;
				CLANG_WARN_OBJC_ROOT_CLASS = YES_ERROR;
				CLANG_WARN_RANGE_LOOP_ANALYSIS = YES;
				CLANG_WARN_STRICT_PROTOTYPES = YES;
				CLANG_WARN_SUSPICIOUS_MOVE = YES;
				CLANG_WARN_UNGUARDED_AVAILABILITY = YES_AGGRESSIVE;
				CLANG_WARN_UNREACHABLE_CODE = YES;
				CLANG_WARN__DUPLICATE_METHOD_MATCH = YES;
				COPY_PHASE_STRIP = NO;
				DEBUG_INFORMATION_FORMAT = dwarf;
				ENABLE_STRICT_OBJC_MSGSEND = YES;
				ENABLE_TESTABILITY = YES;
				GCC_C_LANGUAGE_STANDARD = gnu11;
				GCC_DYNAMIC_NO_PIC = NO;
				GCC_NO_COMMON_BLOCKS = YES;
				GCC_OPTIMIZATION_LEVEL = 0;
				GCC_PREPROCESSOR_DEFINITIONS = (
					"DEBUG=1",
					"$(inherited)",
				);
				GCC_WARN_64_TO_32_BIT_CONVERSION = YES;
				GCC_WARN_ABOUT_RETURN_TYPE = YES_ERROR;
				GCC_WARN_UNDECLARED_SELECTOR = YES;
				GCC_WARN_UNINITIALIZED_AUTOS = YES_AGGRESSIVE;
				GCC_WARN_UNUSED_FUNCTION = YES;
				GCC_WARN_UNUSED_VARIABLE = YES;
				IPHONEOS_DEPLOYMENT_TARGET = 13.2;
				MTL_ENABLE_DEBUG_INFO = INCLUDE_SOURCE;
				MTL_FAST_MATH = YES;
				ONLY_ACTIVE_ARCH = YES;
				SDKROOT = iphoneos;
				SWIFT_ACTIVE_COMPILATION_CONDITIONS = DEBUG;
				SWIFT_OPTIMIZATION_LEVEL = "-Onone";
			};
			name = Debug;
		};
		A649123823E36A5600D8E43E /* Release */ = {
			isa = XCBuildConfiguration;
			buildSettings = {
				ALWAYS_SEARCH_USER_PATHS = NO;
				CLANG_ANALYZER_NONNULL = YES;
				CLANG_ANALYZER_NUMBER_OBJECT_CONVERSION = YES_AGGRESSIVE;
				CLANG_CXX_LANGUAGE_STANDARD = "gnu++14";
				CLANG_CXX_LIBRARY = "libc++";
				CLANG_ENABLE_MODULES = YES;
				CLANG_ENABLE_OBJC_ARC = YES;
				CLANG_ENABLE_OBJC_WEAK = YES;
				CLANG_WARN_BLOCK_CAPTURE_AUTORELEASING = YES;
				CLANG_WARN_BOOL_CONVERSION = YES;
				CLANG_WARN_COMMA = YES;
				CLANG_WARN_CONSTANT_CONVERSION = YES;
				CLANG_WARN_DEPRECATED_OBJC_IMPLEMENTATIONS = YES;
				CLANG_WARN_DIRECT_OBJC_ISA_USAGE = YES_ERROR;
				CLANG_WARN_DOCUMENTATION_COMMENTS = YES;
				CLANG_WARN_EMPTY_BODY = YES;
				CLANG_WARN_ENUM_CONVERSION = YES;
				CLANG_WARN_INFINITE_RECURSION = YES;
				CLANG_WARN_INT_CONVERSION = YES;
				CLANG_WARN_NON_LITERAL_NULL_CONVERSION = YES;
				CLANG_WARN_OBJC_IMPLICIT_RETAIN_SELF = YES;
				CLANG_WARN_OBJC_LITERAL_CONVERSION = YES;
				CLANG_WARN_OBJC_ROOT_CLASS = YES_ERROR;
				CLANG_WARN_RANGE_LOOP_ANALYSIS = YES;
				CLANG_WARN_STRICT_PROTOTYPES = YES;
				CLANG_WARN_SUSPICIOUS_MOVE = YES;
				CLANG_WARN_UNGUARDED_AVAILABILITY = YES_AGGRESSIVE;
				CLANG_WARN_UNREACHABLE_CODE = YES;
				CLANG_WARN__DUPLICATE_METHOD_MATCH = YES;
				COPY_PHASE_STRIP = NO;
				DEBUG_INFORMATION_FORMAT = "dwarf-with-dsym";
				ENABLE_NS_ASSERTIONS = NO;
				ENABLE_STRICT_OBJC_MSGSEND = YES;
				GCC_C_LANGUAGE_STANDARD = gnu11;
				GCC_NO_COMMON_BLOCKS = YES;
				GCC_WARN_64_TO_32_BIT_CONVERSION = YES;
				GCC_WARN_ABOUT_RETURN_TYPE = YES_ERROR;
				GCC_WARN_UNDECLARED_SELECTOR = YES;
				GCC_WARN_UNINITIALIZED_AUTOS = YES_AGGRESSIVE;
				GCC_WARN_UNUSED_FUNCTION = YES;
				GCC_WARN_UNUSED_VARIABLE = YES;
				IPHONEOS_DEPLOYMENT_TARGET = 13.2;
				MTL_ENABLE_DEBUG_INFO = NO;
				MTL_FAST_MATH = YES;
				SDKROOT = iphoneos;
				SWIFT_COMPILATION_MODE = wholemodule;
				SWIFT_OPTIMIZATION_LEVEL = "-O";
				VALIDATE_PRODUCT = YES;
			};
			name = Release;
		};
		A649123A23E36A5600D8E43E /* Debug */ = {
			isa = XCBuildConfiguration;
			buildSettings = {
				ASSETCATALOG_COMPILER_APPICON_NAME = AppIcon;
				CODE_SIGN_STYLE = Automatic;
				DEVELOPMENT_TEAM = 69P9HQ796Q;
				INFOPLIST_FILE = test2/Info.plist;
				LD_RUNPATH_SEARCH_PATHS = (
					"$(inherited)",
					"@executable_path/Frameworks",
				);
				PRODUCT_BUNDLE_IDENTIFIER = BBM.test2;
				PRODUCT_NAME = "$(TARGET_NAME)";
				SWIFT_VERSION = 5.0;
				TARGETED_DEVICE_FAMILY = "1,2";
			};
			name = Debug;
		};
		A649123B23E36A5600D8E43E /* Release */ = {
			isa = XCBuildConfiguration;
			buildSettings = {
				ASSETCATALOG_COMPILER_APPICON_NAME = AppIcon;
				CODE_SIGN_STYLE = Automatic;
				DEVELOPMENT_TEAM = 69P9HQ796Q;
				INFOPLIST_FILE = test2/Info.plist;
				LD_RUNPATH_SEARCH_PATHS = (
					"$(inherited)",
					"@executable_path/Frameworks",
				);
				PRODUCT_BUNDLE_IDENTIFIER = BBM.test2;
				PRODUCT_NAME = "$(TARGET_NAME)";
				SWIFT_VERSION = 5.0;
				TARGETED_DEVICE_FAMILY = "1,2";
			};
			name = Release;
		};
		A649123D23E36A5600D8E43E /* Debug */ = {
			isa = XCBuildConfiguration;
			buildSettings = {
				ALWAYS_EMBED_SWIFT_STANDARD_LIBRARIES = YES;
				BUNDLE_LOADER = "$(TEST_HOST)";
				CODE_SIGN_STYLE = Automatic;
				DEVELOPMENT_TEAM = 69P9HQ796Q;
				INFOPLIST_FILE = test2Tests/Info.plist;
				IPHONEOS_DEPLOYMENT_TARGET = 13.2;
				LD_RUNPATH_SEARCH_PATHS = (
					"$(inherited)",
					"@executable_path/Frameworks",
					"@loader_path/Frameworks",
				);
				PRODUCT_BUNDLE_IDENTIFIER = BBM.test2Tests;
				PRODUCT_NAME = "$(TARGET_NAME)";
				SWIFT_VERSION = 5.0;
				TARGETED_DEVICE_FAMILY = "1,2";
				TEST_HOST = "$(BUILT_PRODUCTS_DIR)/test2.app/test2";
			};
			name = Debug;
		};
		A649123E23E36A5600D8E43E /* Release */ = {
			isa = XCBuildConfiguration;
			buildSettings = {
				ALWAYS_EMBED_SWIFT_STANDARD_LIBRARIES = YES;
				BUNDLE_LOADER = "$(TEST_HOST)";
				CODE_SIGN_STYLE = Automatic;
				DEVELOPMENT_TEAM = 69P9HQ796Q;
				INFOPLIST_FILE = test2Tests/Info.plist;
				IPHONEOS_DEPLOYMENT_TARGET = 13.2;
				LD_RUNPATH_SEARCH_PATHS = (
					"$(inherited)",
					"@executable_path/Frameworks",
					"@loader_path/Frameworks",
				);
				PRODUCT_BUNDLE_IDENTIFIER = BBM.test2Tests;
				PRODUCT_NAME = "$(TARGET_NAME)";
				SWIFT_VERSION = 5.0;
				TARGETED_DEVICE_FAMILY = "1,2";
				TEST_HOST = "$(BUILT_PRODUCTS_DIR)/test2.app/test2";
			};
			name = Release;
		};
		A649124023E36A5600D8E43E /* Debug */ = {
			isa = XCBuildConfiguration;
			buildSettings = {
				ALWAYS_EMBED_SWIFT_STANDARD_LIBRARIES = YES;
				CODE_SIGN_STYLE = Automatic;
				DEVELOPMENT_TEAM = 69P9HQ796Q;
				INFOPLIST_FILE = test2UITests/Info.plist;
				LD_RUNPATH_SEARCH_PATHS = (
					"$(inherited)",
					"@executable_path/Frameworks",
					"@loader_path/Frameworks",
				);
				PRODUCT_BUNDLE_IDENTIFIER = BBM.test2UITests;
				PRODUCT_NAME = "$(TARGET_NAME)";
				SWIFT_VERSION = 5.0;
				TARGETED_DEVICE_FAMILY = "1,2";
				TEST_TARGET_NAME = test2;
			};
			name = Debug;
		};
		A649124123E36A5600D8E43E /* Release */ = {
			isa = XCBuildConfiguration;
			buildSettings = {
				ALWAYS_EMBED_SWIFT_STANDARD_LIBRARIES = YES;
				CODE_SIGN_STYLE = Automatic;
				DEVELOPMENT_TEAM = 69P9HQ796Q;
				INFOPLIST_FILE = test2UITests/Info.plist;
				LD_RUNPATH_SEARCH_PATHS = (
					"$(inherited)",
					"@executable_path/Frameworks",
					"@loader_path/Frameworks",
				);
				PRODUCT_BUNDLE_IDENTIFIER = BBM.test2UITests;
				PRODUCT_NAME = "$(TARGET_NAME)";
				SWIFT_VERSION = 5.0;
				TARGETED_DEVICE_FAMILY = "1,2";
				TEST_TARGET_NAME = test2;
			};
			name = Release;
		};
/* End XCBuildConfiguration section */

/* Begin XCConfigurationList section */
		A649120723E36A5400D8E43E /* Build configuration list for PBXProject "test2" */ = {
			isa = XCConfigurationList;
			buildConfigurations = (
				A649123723E36A5600D8E43E /* Debug */,
				A649123823E36A5600D8E43E /* Release */,
			);
			defaultConfigurationIsVisible = 0;
			defaultConfigurationName = Release;
		};
		A649123923E36A5600D8E43E /* Build configuration list for PBXNativeTarget "test2" */ = {
			isa = XCConfigurationList;
			buildConfigurations = (
				A649123A23E36A5600D8E43E /* Debug */,
				A649123B23E36A5600D8E43E /* Release */,
			);
			defaultConfigurationIsVisible = 0;
			defaultConfigurationName = Release;
		};
		A649123C23E36A5600D8E43E /* Build configuration list for PBXNativeTarget "test2Tests" */ = {
			isa = XCConfigurationList;
			buildConfigurations = (
				A649123D23E36A5600D8E43E /* Debug */,
				A649123E23E36A5600D8E43E /* Release */,
			);
			defaultConfigurationIsVisible = 0;
			defaultConfigurationName = Release;
		};
		A649123F23E36A5600D8E43E /* Build configuration list for PBXNativeTarget "test2UITests" */ = {
			isa = XCConfigurationList;
			buildConfigurations = (
				A649124023E36A5600D8E43E /* Debug */,
				A649124123E36A5600D8E43E /* Release */,
			);
			defaultConfigurationIsVisible = 0;
			defaultConfigurationName = Release;
		};
/* End XCConfigurationList section */

/* Begin XCVersionGroup section */
		A649121823E36A5500D8E43E /* test2.xcdatamodeld */ = {
			isa = XCVersionGroup;
			children = (
				A649121923E36A5500D8E43E /* test2.xcdatamodel */,
			);
			currentVersion = A649121923E36A5500D8E43E /* test2.xcdatamodel */;
			path = test2.xcdatamodeld;
			sourceTree = "<group>";
			versionGroupType = wrapper.xcdatamodel;
		};
/* End XCVersionGroup section */
	};
	rootObject = A649120423E36A5400D8E43E /* Project object */;
}
